
Microsoft Visual Studio Solution File, Format Version 11.00
# Visual Studio 2010
Project("{8BC9CEB8-8B4A-11D0-8D11-00A0C91BC942}") = "PinAgent", "PinAgent.vcxproj", "{33521C47-1CC9-4677-BD79-C5B01BFA4F60}"
EndProject
Global
	GlobalSection(SolutionConfigurationPlatforms) = preSolution
		Debug|Win32 = Debug|Win32
		Release|Win32 = Release|Win32
	EndGlobalSection
	GlobalSection(ProjectConfigurationPlatforms) = postSolution
		{33521C47-1CC9-4677-BD79-C5B01BFA4F60}.Debug|Win32.ActiveCfg = Debug|Win32
		{33521C47-1CC9-4677-BD79-C5B01BFA4F60}.Debug|Win32.Build.0 = Debug|Win32
		{33521C47-1CC9-4677-BD79-C5B01BFA4F60}.Release|Win32.ActiveCfg = Release|Win32
		{33521C47-1CC9-4677-BD79-C5B01BFA4F60}.Release|Win32.Build.0 = Release|Win32
	EndGlobalSection
	GlobalSection(SolutionProperties) = preSolution
		HideSolutionNode = FALSE
	EndGlobalSection
EndGlobal
